// !$*UTF8*$!
{
	archiveVersion = 1;
	classes = {
	};
	objectVersion = 56;
	objects = {

/* Begin PBXBuildFile section */
		520DE6A02C3310B700CAF570 /* ImagePicker.swift in Sources */ = {isa = PBXBuildFile; fileRef = 520DE69F2C3310B700CAF570 /* ImagePicker.swift */; };
		520DE6A22C33208B00CAF570 /* NavigationView.swift in Sources */ = {isa = PBXBuildFile; fileRef = 520DE6A12C33208B00CAF570 /* NavigationView.swift */; };
		520DE6A42C3320F000CAF570 /* RecipesView.swift in Sources */ = {isa = PBXBuildFile; fileRef = 520DE6A32C3320F000CAF570 /* RecipesView.swift */; };
		520DE6A62C33210200CAF570 /* IngredientsView.swift in Sources */ = {isa = PBXBuildFile; fileRef = 520DE6A52C33210200CAF570 /* IngredientsView.swift */; };
		520DE6AD2C34603400CAF570 /* Ingredient.swift in Sources */ = {isa = PBXBuildFile; fileRef = 520DE6AC2C34603400CAF570 /* Ingredient.swift */; };
		520DE6AF2C34604500CAF570 /* Recipe.swift in Sources */ = {isa = PBXBuildFile; fileRef = 520DE6AE2C34604500CAF570 /* Recipe.swift */; };
		520DE6B32C34641300CAF570 /* MockData.swift in Sources */ = {isa = PBXBuildFile; fileRef = 520DE6B22C34641300CAF570 /* MockData.swift */; };
		520DE6B52C34652F00CAF570 /* IngredientRow.swift in Sources */ = {isa = PBXBuildFile; fileRef = 520DE6B42C34652F00CAF570 /* IngredientRow.swift */; };
		520DE6B92C346A4B00CAF570 /* Double+Extensions.swift in Sources */ = {isa = PBXBuildFile; fileRef = 520DE6B82C346A4B00CAF570 /* Double+Extensions.swift */; };
		520DE6BC2C346BD900CAF570 /* String+Extensions.swift in Sources */ = {isa = PBXBuildFile; fileRef = 520DE6BB2C346BD900CAF570 /* String+Extensions.swift */; };
		520DE6BE2C346C9300CAF570 /* IngredientList.swift in Sources */ = {isa = PBXBuildFile; fileRef = 520DE6BD2C346C9300CAF570 /* IngredientList.swift */; };
		520DE6C02C346FA900CAF570 /* recipeData.json in Resources */ = {isa = PBXBuildFile; fileRef = 520DE6BF2C346FA800CAF570 /* recipeData.json */; };
		520DE6C22C346FAF00CAF570 /* ingredientData.json in Resources */ = {isa = PBXBuildFile; fileRef = 520DE6C12C346FAF00CAF570 /* ingredientData.json */; };
		520DE6C42C34712800CAF570 /* RecipeRow.swift in Sources */ = {isa = PBXBuildFile; fileRef = 520DE6C32C34712800CAF570 /* RecipeRow.swift */; };
		520DE6C62C34713700CAF570 /* RecipeList.swift in Sources */ = {isa = PBXBuildFile; fileRef = 520DE6C52C34713700CAF570 /* RecipeList.swift */; };
		520DE6C82C3473CC00CAF570 /* RecipeDetails.swift in Sources */ = {isa = PBXBuildFile; fileRef = 520DE6C72C3473CC00CAF570 /* RecipeDetails.swift */; };
		520DE6CA2C3473DA00CAF570 /* IngredientDetails.swift in Sources */ = {isa = PBXBuildFile; fileRef = 520DE6C92C3473DA00CAF570 /* IngredientDetails.swift */; };
		520DE6CC2C35B0CF00CAF570 /* PlaygroundView.swift in Sources */ = {isa = PBXBuildFile; fileRef = 520DE6CB2C35B0CF00CAF570 /* PlaygroundView.swift */; };
		521313B82D733E2E0021DA90 /* IngredientSection.swift in Sources */ = {isa = PBXBuildFile; fileRef = 521313B72D733E2E0021DA90 /* IngredientSection.swift */; };
		5228BD512C2362E7001C845E /* JuliaApp.swift in Sources */ = {isa = PBXBuildFile; fileRef = 5228BD502C2362E7001C845E /* JuliaApp.swift */; };
		5228BD532C2362E7001C845E /* ContentView.swift in Sources */ = {isa = PBXBuildFile; fileRef = 5228BD522C2362E7001C845E /* ContentView.swift */; };
		5228BD552C2362EA001C845E /* Assets.xcassets in Resources */ = {isa = PBXBuildFile; fileRef = 5228BD542C2362EA001C845E /* Assets.xcassets */; };
		5228BD582C2362EB001C845E /* Preview Assets.xcassets in Resources */ = {isa = PBXBuildFile; fileRef = 5228BD572C2362EB001C845E /* Preview Assets.xcassets */; };
		526250C42CE0E221004EE6C7 /* AddRecipe.swift in Sources */ = {isa = PBXBuildFile; fileRef = 526250C32CE0E221004EE6C7 /* AddRecipe.swift */; };
		526250C62CE28BFC004EE6C7 /* EditIngredient.swift in Sources */ = {isa = PBXBuildFile; fileRef = 526250C52CE28BFC004EE6C7 /* EditIngredient.swift */; };
		526250C82CE292A4004EE6C7 /* IngredientParser.swift in Sources */ = {isa = PBXBuildFile; fileRef = 526250C72CE292A4004EE6C7 /* IngredientParser.swift */; };
		526250CA2CE3A641004EE6C7 /* MeasurementUnit.swift in Sources */ = {isa = PBXBuildFile; fileRef = 526250C92CE3A641004EE6C7 /* MeasurementUnit.swift */; };
		52B50C142CEBBB8600B472E0 /* Launch Screen.storyboard in Resources */ = {isa = PBXBuildFile; fileRef = 52B50C132CEBBB8600B472E0 /* Launch Screen.storyboard */; };
		52EF0BB12CDBF8A300B8354A /* FloatingBottomSheet.swift in Sources */ = {isa = PBXBuildFile; fileRef = 52EF0BB02CDBF8A300B8354A /* FloatingBottomSheet.swift */; };
		52EF0BB32CDC0C9100B8354A /* DataController.swift in Sources */ = {isa = PBXBuildFile; fileRef = 52EF0BB22CDC0C9100B8354A /* DataController.swift */; };
		52EF0BB52CDC115000B8354A /* AddIngredient.swift in Sources */ = {isa = PBXBuildFile; fileRef = 52EF0BB42CDC115000B8354A /* AddIngredient.swift */; };
/* End PBXBuildFile section */

/* Begin PBXFileReference section */
		520DE69E2C330F9600CAF570 /* Info.plist */ = {isa = PBXFileReference; lastKnownFileType = text.plist; path = Info.plist; sourceTree = "<group>"; };
		520DE69F2C3310B700CAF570 /* ImagePicker.swift */ = {isa = PBXFileReference; lastKnownFileType = sourcecode.swift; path = ImagePicker.swift; sourceTree = "<group>"; };
		520DE6A12C33208B00CAF570 /* NavigationView.swift */ = {isa = PBXFileReference; lastKnownFileType = sourcecode.swift; path = NavigationView.swift; sourceTree = "<group>"; };
		520DE6A32C3320F000CAF570 /* RecipesView.swift */ = {isa = PBXFileReference; lastKnownFileType = sourcecode.swift; path = RecipesView.swift; sourceTree = "<group>"; };
		520DE6A52C33210200CAF570 /* IngredientsView.swift */ = {isa = PBXFileReference; lastKnownFileType = sourcecode.swift; path = IngredientsView.swift; sourceTree = "<group>"; };
		520DE6AC2C34603400CAF570 /* Ingredient.swift */ = {isa = PBXFileReference; lastKnownFileType = sourcecode.swift; path = Ingredient.swift; sourceTree = "<group>"; };
		520DE6AE2C34604500CAF570 /* Recipe.swift */ = {isa = PBXFileReference; lastKnownFileType = sourcecode.swift; path = Recipe.swift; sourceTree = "<group>"; };
		520DE6B22C34641300CAF570 /* MockData.swift */ = {isa = PBXFileReference; lastKnownFileType = sourcecode.swift; path = MockData.swift; sourceTree = "<group>"; };
		520DE6B42C34652F00CAF570 /* IngredientRow.swift */ = {isa = PBXFileReference; lastKnownFileType = sourcecode.swift; path = IngredientRow.swift; sourceTree = "<group>"; };
		520DE6B82C346A4B00CAF570 /* Double+Extensions.swift */ = {isa = PBXFileReference; lastKnownFileType = sourcecode.swift; path = "Double+Extensions.swift"; sourceTree = "<group>"; };
		520DE6BB2C346BD900CAF570 /* String+Extensions.swift */ = {isa = PBXFileReference; lastKnownFileType = sourcecode.swift; path = "String+Extensions.swift"; sourceTree = "<group>"; };
		520DE6BD2C346C9300CAF570 /* IngredientList.swift */ = {isa = PBXFileReference; lastKnownFileType = sourcecode.swift; path = IngredientList.swift; sourceTree = "<group>"; };
		520DE6BF2C346FA800CAF570 /* recipeData.json */ = {isa = PBXFileReference; fileEncoding = 4; lastKnownFileType = text.json; path = recipeData.json; sourceTree = "<group>"; };
		520DE6C12C346FAF00CAF570 /* ingredientData.json */ = {isa = PBXFileReference; fileEncoding = 4; lastKnownFileType = text.json; path = ingredientData.json; sourceTree = "<group>"; };
		520DE6C32C34712800CAF570 /* RecipeRow.swift */ = {isa = PBXFileReference; lastKnownFileType = sourcecode.swift; path = RecipeRow.swift; sourceTree = "<group>"; };
		520DE6C52C34713700CAF570 /* RecipeList.swift */ = {isa = PBXFileReference; lastKnownFileType = sourcecode.swift; path = RecipeList.swift; sourceTree = "<group>"; };
		520DE6C72C3473CC00CAF570 /* RecipeDetails.swift */ = {isa = PBXFileReference; lastKnownFileType = sourcecode.swift; path = RecipeDetails.swift; sourceTree = "<group>"; };
		520DE6C92C3473DA00CAF570 /* IngredientDetails.swift */ = {isa = PBXFileReference; lastKnownFileType = sourcecode.swift; path = IngredientDetails.swift; sourceTree = "<group>"; };
		520DE6CB2C35B0CF00CAF570 /* PlaygroundView.swift */ = {isa = PBXFileReference; lastKnownFileType = sourcecode.swift; path = PlaygroundView.swift; sourceTree = "<group>"; };
		521313B72D733E2E0021DA90 /* IngredientSection.swift */ = {isa = PBXFileReference; fileEncoding = 4; lastKnownFileType = sourcecode.swift; path = IngredientSection.swift; sourceTree = "<group>"; };
		5228BD4D2C2362E7001C845E /* Julia.app */ = {isa = PBXFileReference; explicitFileType = wrapper.application; includeInIndex = 0; path = Julia.app; sourceTree = BUILT_PRODUCTS_DIR; };
		5228BD502C2362E7001C845E /* JuliaApp.swift */ = {isa = PBXFileReference; lastKnownFileType = sourcecode.swift; path = JuliaApp.swift; sourceTree = "<group>"; };
		5228BD522C2362E7001C845E /* ContentView.swift */ = {isa = PBXFileReference; lastKnownFileType = sourcecode.swift; path = ContentView.swift; sourceTree = "<group>"; };
		5228BD542C2362EA001C845E /* Assets.xcassets */ = {isa = PBXFileReference; lastKnownFileType = folder.assetcatalog; path = Assets.xcassets; sourceTree = "<group>"; };
		5228BD572C2362EB001C845E /* Preview Assets.xcassets */ = {isa = PBXFileReference; lastKnownFileType = folder.assetcatalog; path = "Preview Assets.xcassets"; sourceTree = "<group>"; };
		526250C32CE0E221004EE6C7 /* AddRecipe.swift */ = {isa = PBXFileReference; lastKnownFileType = sourcecode.swift; path = AddRecipe.swift; sourceTree = "<group>"; };
		526250C52CE28BFC004EE6C7 /* EditIngredient.swift */ = {isa = PBXFileReference; lastKnownFileType = sourcecode.swift; path = EditIngredient.swift; sourceTree = "<group>"; };
		526250C72CE292A4004EE6C7 /* IngredientParser.swift */ = {isa = PBXFileReference; lastKnownFileType = sourcecode.swift; name = IngredientParser.swift; path = Julia/IngredientParser.swift; sourceTree = SOURCE_ROOT; };
		526250C92CE3A641004EE6C7 /* MeasurementUnit.swift */ = {isa = PBXFileReference; lastKnownFileType = sourcecode.swift; path = MeasurementUnit.swift; sourceTree = "<group>"; };
		52B50C132CEBBB8600B472E0 /* Launch Screen.storyboard */ = {isa = PBXFileReference; lastKnownFileType = file.storyboard; path = "Launch Screen.storyboard"; sourceTree = "<group>"; };
		52EF0BB02CDBF8A300B8354A /* FloatingBottomSheet.swift */ = {isa = PBXFileReference; fileEncoding = 4; lastKnownFileType = sourcecode.swift; path = FloatingBottomSheet.swift; sourceTree = "<group>"; };
		52EF0BB22CDC0C9100B8354A /* DataController.swift */ = {isa = PBXFileReference; lastKnownFileType = sourcecode.swift; path = DataController.swift; sourceTree = "<group>"; };
		52EF0BB42CDC115000B8354A /* AddIngredient.swift */ = {isa = PBXFileReference; lastKnownFileType = sourcecode.swift; path = AddIngredient.swift; sourceTree = "<group>"; };
/* End PBXFileReference section */

/* Begin PBXFrameworksBuildPhase section */
		5228BD4A2C2362E7001C845E /* Frameworks */ = {
			isa = PBXFrameworksBuildPhase;
			buildActionMask = 2147483647;
			files = (
			);
			runOnlyForDeploymentPostprocessing = 0;
		};
/* End PBXFrameworksBuildPhase section */

/* Begin PBXGroup section */
		520DE6A92C345FD000CAF570 /* Resources */ = {
			isa = PBXGroup;
			children = (
				520DE6C12C346FAF00CAF570 /* ingredientData.json */,
				520DE6BF2C346FA800CAF570 /* recipeData.json */,
			);
			path = Resources;
			sourceTree = "<group>";
		};
		520DE6B62C3465AD00CAF570 /* Models */ = {
			isa = PBXGroup;
			children = (
				520DE6AC2C34603400CAF570 /* Ingredient.swift */,
				526250C92CE3A641004EE6C7 /* MeasurementUnit.swift */,
				520DE6AE2C34604500CAF570 /* Recipe.swift */,
				521313B72D733E2E0021DA90 /* IngredientSection.swift */,
			);
			path = Models;
			sourceTree = "<group>";
		};
		520DE6B72C3465C000CAF570 /* Views */ = {
			isa = PBXGroup;
			children = (
				5228BD522C2362E7001C845E /* ContentView.swift */,
				520DE6A12C33208B00CAF570 /* NavigationView.swift */,
				520DE6C72C3473CC00CAF570 /* RecipeDetails.swift */,
				520DE6C92C3473DA00CAF570 /* IngredientDetails.swift */,
				520DE6A32C3320F000CAF570 /* RecipesView.swift */,
				520DE6A52C33210200CAF570 /* IngredientsView.swift */,
				520DE69F2C3310B700CAF570 /* ImagePicker.swift */,
			);
			path = Views;
			sourceTree = "<group>";
		};
		520DE6BA2C346A4F00CAF570 /* Utilities */ = {
			isa = PBXGroup;
			children = (
				526250C72CE292A4004EE6C7 /* IngredientParser.swift */,
				520DE6B82C346A4B00CAF570 /* Double+Extensions.swift */,
				520DE6BB2C346BD900CAF570 /* String+Extensions.swift */,
				520DE6B22C34641300CAF570 /* MockData.swift */,
				52EF0BB22CDC0C9100B8354A /* DataController.swift */,
			);
			path = Utilities;
			sourceTree = "<group>";
		};
		5228BD442C2362E6001C845E = {
			isa = PBXGroup;
			children = (
				5228BD4F2C2362E7001C845E /* Julia */,
				5228BD4E2C2362E7001C845E /* Products */,
			);
			sourceTree = "<group>";
		};
		5228BD4E2C2362E7001C845E /* Products */ = {
			isa = PBXGroup;
			children = (
				5228BD4D2C2362E7001C845E /* Julia.app */,
			);
			name = Products;
			sourceTree = "<group>";
		};
		5228BD4F2C2362E7001C845E /* Julia */ = {
			isa = PBXGroup;
			children = (
				520DE69E2C330F9600CAF570 /* Info.plist */,
				5228BD502C2362E7001C845E /* JuliaApp.swift */,
				520DE6B72C3465C000CAF570 /* Views */,
				520DE6B42C34652F00CAF570 /* IngredientRow.swift */,
				52EF0BB02CDBF8A300B8354A /* FloatingBottomSheet.swift */,
				520DE6C32C34712800CAF570 /* RecipeRow.swift */,
				520DE6C52C34713700CAF570 /* RecipeList.swift */,
				520DE6BD2C346C9300CAF570 /* IngredientList.swift */,
				52EF0BB42CDC115000B8354A /* AddIngredient.swift */,
				526250C52CE28BFC004EE6C7 /* EditIngredient.swift */,
				526250C32CE0E221004EE6C7 /* AddRecipe.swift */,
				520DE6CB2C35B0CF00CAF570 /* PlaygroundView.swift */,
				520DE6B62C3465AD00CAF570 /* Models */,
				520DE6BA2C346A4F00CAF570 /* Utilities */,
				520DE6A92C345FD000CAF570 /* Resources */,
				5228BD542C2362EA001C845E /* Assets.xcassets */,
				52B50C132CEBBB8600B472E0 /* Launch Screen.storyboard */,
				5228BD562C2362EB001C845E /* Preview Content */,
			);
			path = Julia;
			sourceTree = "<group>";
		};
		5228BD562C2362EB001C845E /* Preview Content */ = {
			isa = PBXGroup;
			children = (
				5228BD572C2362EB001C845E /* Preview Assets.xcassets */,
			);
			path = "Preview Content";
			sourceTree = "<group>";
		};
/* End PBXGroup section */

/* Begin PBXNativeTarget section */
		5228BD4C2C2362E7001C845E /* Julia */ = {
			isa = PBXNativeTarget;
			buildConfigurationList = 5228BD5B2C2362EB001C845E /* Build configuration list for PBXNativeTarget "Julia" */;
			buildPhases = (
				5228BD492C2362E7001C845E /* Sources */,
				5228BD4A2C2362E7001C845E /* Frameworks */,
				5228BD4B2C2362E7001C845E /* Resources */,
			);
			buildRules = (
			);
			dependencies = (
			);
			name = Julia;
			productName = Julia;
			productReference = 5228BD4D2C2362E7001C845E /* Julia.app */;
			productType = "com.apple.product-type.application";
		};
/* End PBXNativeTarget section */

/* Begin PBXProject section */
		5228BD452C2362E6001C845E /* Project object */ = {
			isa = PBXProject;
			attributes = {
				BuildIndependentTargetsInParallel = 1;
				LastSwiftUpdateCheck = 1430;
				LastUpgradeCheck = 1520;
				TargetAttributes = {
					5228BD4C2C2362E7001C845E = {
						CreatedOnToolsVersion = 14.3.1;
					};
				};
			};
			buildConfigurationList = 5228BD482C2362E6001C845E /* Build configuration list for PBXProject "Julia" */;
			compatibilityVersion = "Xcode 14.0";
			developmentRegion = en;
			hasScannedForEncodings = 0;
			knownRegions = (
				en,
				Base,
			);
			mainGroup = 5228BD442C2362E6001C845E;
			productRefGroup = 5228BD4E2C2362E7001C845E /* Products */;
			projectDirPath = "";
			projectRoot = "";
			targets = (
				5228BD4C2C2362E7001C845E /* Julia */,
			);
		};
/* End PBXProject section */

/* Begin PBXResourcesBuildPhase section */
		5228BD4B2C2362E7001C845E /* Resources */ = {
			isa = PBXResourcesBuildPhase;
			buildActionMask = 2147483647;
			files = (
				520DE6C22C346FAF00CAF570 /* ingredientData.json in Resources */,
				520DE6C02C346FA900CAF570 /* recipeData.json in Resources */,
				5228BD582C2362EB001C845E /* Preview Assets.xcassets in Resources */,
				52B50C142CEBBB8600B472E0 /* Launch Screen.storyboard in Resources */,
				5228BD552C2362EA001C845E /* Assets.xcassets in Resources */,
			);
			runOnlyForDeploymentPostprocessing = 0;
		};
/* End PBXResourcesBuildPhase section */

/* Begin PBXSourcesBuildPhase section */
		5228BD492C2362E7001C845E /* Sources */ = {
			isa = PBXSourcesBuildPhase;
			buildActionMask = 2147483647;
			files = (
				520DE6B92C346A4B00CAF570 /* Double+Extensions.swift in Sources */,
				520DE6BC2C346BD900CAF570 /* String+Extensions.swift in Sources */,
				526250C42CE0E221004EE6C7 /* AddRecipe.swift in Sources */,
				520DE6CA2C3473DA00CAF570 /* IngredientDetails.swift in Sources */,
				520DE6A02C3310B700CAF570 /* ImagePicker.swift in Sources */,
				520DE6A62C33210200CAF570 /* IngredientsView.swift in Sources */,
				5228BD532C2362E7001C845E /* ContentView.swift in Sources */,
				520DE6AD2C34603400CAF570 /* Ingredient.swift in Sources */,
				520DE6CC2C35B0CF00CAF570 /* PlaygroundView.swift in Sources */,
				520DE6A42C3320F000CAF570 /* RecipesView.swift in Sources */,
				526250C62CE28BFC004EE6C7 /* EditIngredient.swift in Sources */,
				526250CA2CE3A641004EE6C7 /* MeasurementUnit.swift in Sources */,
				526250C82CE292A4004EE6C7 /* IngredientParser.swift in Sources */,
				52EF0BB32CDC0C9100B8354A /* DataController.swift in Sources */,
				520DE6BE2C346C9300CAF570 /* IngredientList.swift in Sources */,
				520DE6AF2C34604500CAF570 /* Recipe.swift in Sources */,
				521313B82D733E2E0021DA90 /* IngredientSection.swift in Sources */,
				520DE6C82C3473CC00CAF570 /* RecipeDetails.swift in Sources */,
				520DE6A22C33208B00CAF570 /* NavigationView.swift in Sources */,
				5228BD512C2362E7001C845E /* JuliaApp.swift in Sources */,
				520DE6B52C34652F00CAF570 /* IngredientRow.swift in Sources */,
				520DE6B32C34641300CAF570 /* MockData.swift in Sources */,
				52EF0BB52CDC115000B8354A /* AddIngredient.swift in Sources */,
				520DE6C42C34712800CAF570 /* RecipeRow.swift in Sources */,
				52EF0BB12CDBF8A300B8354A /* FloatingBottomSheet.swift in Sources */,
				520DE6C62C34713700CAF570 /* RecipeList.swift in Sources */,
			);
			runOnlyForDeploymentPostprocessing = 0;
		};
/* End PBXSourcesBuildPhase section */

/* Begin XCBuildConfiguration section */
		5228BD592C2362EB001C845E /* Debug */ = {
			isa = XCBuildConfiguration;
			buildSettings = {
				ALWAYS_SEARCH_USER_PATHS = NO;
				CLANG_ANALYZER_NONNULL = YES;
				CLANG_ANALYZER_NUMBER_OBJECT_CONVERSION = YES_AGGRESSIVE;
				CLANG_CXX_LANGUAGE_STANDARD = "gnu++20";
				CLANG_ENABLE_MODULES = YES;
				CLANG_ENABLE_OBJC_ARC = YES;
				CLANG_ENABLE_OBJC_WEAK = YES;
				CLANG_WARN_BLOCK_CAPTURE_AUTORELEASING = YES;
				CLANG_WARN_BOOL_CONVERSION = YES;
				CLANG_WARN_COMMA = YES;
				CLANG_WARN_CONSTANT_CONVERSION = YES;
				CLANG_WARN_DEPRECATED_OBJC_IMPLEMENTATIONS = YES;
				CLANG_WARN_DIRECT_OBJC_ISA_USAGE = YES_ERROR;
				CLANG_WARN_DOCUMENTATION_COMMENTS = YES;
				CLANG_WARN_EMPTY_BODY = YES;
				CLANG_WARN_ENUM_CONVERSION = YES;
				CLANG_WARN_INFINITE_RECURSION = YES;
				CLANG_WARN_INT_CONVERSION = YES;
				CLANG_WARN_NON_LITERAL_NULL_CONVERSION = YES;
				CLANG_WARN_OBJC_IMPLICIT_RETAIN_SELF = YES;
				CLANG_WARN_OBJC_LITERAL_CONVERSION = YES;
				CLANG_WARN_OBJC_ROOT_CLASS = YES_ERROR;
				CLANG_WARN_QUOTED_INCLUDE_IN_FRAMEWORK_HEADER = YES;
				CLANG_WARN_RANGE_LOOP_ANALYSIS = YES;
				CLANG_WARN_STRICT_PROTOTYPES = YES;
				CLANG_WARN_SUSPICIOUS_MOVE = YES;
				CLANG_WARN_UNGUARDED_AVAILABILITY = YES_AGGRESSIVE;
				CLANG_WARN_UNREACHABLE_CODE = YES;
				CLANG_WARN__DUPLICATE_METHOD_MATCH = YES;
				COPY_PHASE_STRIP = NO;
				DEBUG_INFORMATION_FORMAT = dwarf;
				ENABLE_STRICT_OBJC_MSGSEND = YES;
				ENABLE_TESTABILITY = YES;
				ENABLE_USER_SCRIPT_SANDBOXING = YES;
				GCC_C_LANGUAGE_STANDARD = gnu11;
				GCC_DYNAMIC_NO_PIC = NO;
				GCC_NO_COMMON_BLOCKS = YES;
				GCC_OPTIMIZATION_LEVEL = 0;
				GCC_PREPROCESSOR_DEFINITIONS = (
					"DEBUG=1",
					"$(inherited)",
				);
				GCC_WARN_64_TO_32_BIT_CONVERSION = YES;
				GCC_WARN_ABOUT_RETURN_TYPE = YES_ERROR;
				GCC_WARN_UNDECLARED_SELECTOR = YES;
				GCC_WARN_UNINITIALIZED_AUTOS = YES_AGGRESSIVE;
				GCC_WARN_UNUSED_FUNCTION = YES;
				GCC_WARN_UNUSED_VARIABLE = YES;
				IPHONEOS_DEPLOYMENT_TARGET = 16.4;
				MTL_ENABLE_DEBUG_INFO = INCLUDE_SOURCE;
				MTL_FAST_MATH = YES;
				ONLY_ACTIVE_ARCH = YES;
				SDKROOT = iphoneos;
				SWIFT_ACTIVE_COMPILATION_CONDITIONS = DEBUG;
				SWIFT_OPTIMIZATION_LEVEL = "-Onone";
			};
			name = Debug;
		};
		5228BD5A2C2362EB001C845E /* Release */ = {
			isa = XCBuildConfiguration;
			buildSettings = {
				ALWAYS_SEARCH_USER_PATHS = NO;
				CLANG_ANALYZER_NONNULL = YES;
				CLANG_ANALYZER_NUMBER_OBJECT_CONVERSION = YES_AGGRESSIVE;
				CLANG_CXX_LANGUAGE_STANDARD = "gnu++20";
				CLANG_ENABLE_MODULES = YES;
				CLANG_ENABLE_OBJC_ARC = YES;
				CLANG_ENABLE_OBJC_WEAK = YES;
				CLANG_WARN_BLOCK_CAPTURE_AUTORELEASING = YES;
				CLANG_WARN_BOOL_CONVERSION = YES;
				CLANG_WARN_COMMA = YES;
				CLANG_WARN_CONSTANT_CONVERSION = YES;
				CLANG_WARN_DEPRECATED_OBJC_IMPLEMENTATIONS = YES;
				CLANG_WARN_DIRECT_OBJC_ISA_USAGE = YES_ERROR;
				CLANG_WARN_DOCUMENTATION_COMMENTS = YES;
				CLANG_WARN_EMPTY_BODY = YES;
				CLANG_WARN_ENUM_CONVERSION = YES;
				CLANG_WARN_INFINITE_RECURSION = YES;
				CLANG_WARN_INT_CONVERSION = YES;
				CLANG_WARN_NON_LITERAL_NULL_CONVERSION = YES;
				CLANG_WARN_OBJC_IMPLICIT_RETAIN_SELF = YES;
				CLANG_WARN_OBJC_LITERAL_CONVERSION = YES;
				CLANG_WARN_OBJC_ROOT_CLASS = YES_ERROR;
				CLANG_WARN_QUOTED_INCLUDE_IN_FRAMEWORK_HEADER = YES;
				CLANG_WARN_RANGE_LOOP_ANALYSIS = YES;
				CLANG_WARN_STRICT_PROTOTYPES = YES;
				CLANG_WARN_SUSPICIOUS_MOVE = YES;
				CLANG_WARN_UNGUARDED_AVAILABILITY = YES_AGGRESSIVE;
				CLANG_WARN_UNREACHABLE_CODE = YES;
				CLANG_WARN__DUPLICATE_METHOD_MATCH = YES;
				COPY_PHASE_STRIP = NO;
				DEBUG_INFORMATION_FORMAT = "dwarf-with-dsym";
				ENABLE_NS_ASSERTIONS = NO;
				ENABLE_STRICT_OBJC_MSGSEND = YES;
				ENABLE_USER_SCRIPT_SANDBOXING = YES;
				GCC_C_LANGUAGE_STANDARD = gnu11;
				GCC_NO_COMMON_BLOCKS = YES;
				GCC_WARN_64_TO_32_BIT_CONVERSION = YES;
				GCC_WARN_ABOUT_RETURN_TYPE = YES_ERROR;
				GCC_WARN_UNDECLARED_SELECTOR = YES;
				GCC_WARN_UNINITIALIZED_AUTOS = YES_AGGRESSIVE;
				GCC_WARN_UNUSED_FUNCTION = YES;
				GCC_WARN_UNUSED_VARIABLE = YES;
				IPHONEOS_DEPLOYMENT_TARGET = 16.4;
				MTL_ENABLE_DEBUG_INFO = NO;
				MTL_FAST_MATH = YES;
				SDKROOT = iphoneos;
				SWIFT_COMPILATION_MODE = wholemodule;
				SWIFT_OPTIMIZATION_LEVEL = "-O";
				VALIDATE_PRODUCT = YES;
			};
			name = Release;
		};
		5228BD5C2C2362EB001C845E /* Debug */ = {
			isa = XCBuildConfiguration;
			buildSettings = {
				ASSETCATALOG_COMPILER_APPICON_NAME = AppIcon;
				ASSETCATALOG_COMPILER_GLOBAL_ACCENT_COLOR_NAME = AccentColor;
				CODE_SIGN_STYLE = Automatic;
				CURRENT_PROJECT_VERSION = 1;
				DEVELOPMENT_ASSET_PATHS = "\"Julia/Preview Content\"";
				DEVELOPMENT_TEAM = KU2HAE7AMY;
				ENABLE_PREVIEWS = YES;
				GENERATE_INFOPLIST_FILE = YES;
				INFOPLIST_FILE = Julia/Info.plist;
				INFOPLIST_KEY_CFBundleDisplayName = Julia;
				INFOPLIST_KEY_LSApplicationCategoryType = "public.app-category.food-and-drink";
				INFOPLIST_KEY_UIApplicationSceneManifest_Generation = YES;
				INFOPLIST_KEY_UIApplicationSupportsIndirectInputEvents = YES;
				INFOPLIST_KEY_UILaunchScreen_Generation = YES;
				INFOPLIST_KEY_UISupportedInterfaceOrientations_iPad = "UIInterfaceOrientationPortrait UIInterfaceOrientationPortraitUpsideDown UIInterfaceOrientationLandscapeLeft UIInterfaceOrientationLandscapeRight";
				INFOPLIST_KEY_UISupportedInterfaceOrientations_iPhone = "UIInterfaceOrientationPortrait UIInterfaceOrientationLandscapeLeft UIInterfaceOrientationLandscapeRight";
				IPHONEOS_DEPLOYMENT_TARGET = 17.2;
				LD_RUNPATH_SEARCH_PATHS = (
					"$(inherited)",
					"@executable_path/Frameworks",
				);
				MARKETING_VERSION = 1.0;
				PRODUCT_BUNDLE_IDENTIFIER = rcw.Julia;
				PRODUCT_NAME = "$(TARGET_NAME)";
				SUPPORTED_PLATFORMS = "iphoneos iphonesimulator";
				SUPPORTS_MACCATALYST = NO;
				SUPPORTS_MAC_DESIGNED_FOR_IPHONE_IPAD = NO;
				SUPPORTS_XR_DESIGNED_FOR_IPHONE_IPAD = NO;
				SWIFT_EMIT_LOC_STRINGS = YES;
				SWIFT_VERSION = 5.0;
				TARGETED_DEVICE_FAMILY = "1,2";
			};
			name = Debug;
		};
		5228BD5D2C2362EB001C845E /* Release */ = {
			isa = XCBuildConfiguration;
			buildSettings = {
				ASSETCATALOG_COMPILER_APPICON_NAME = AppIcon;
				ASSETCATALOG_COMPILER_GLOBAL_ACCENT_COLOR_NAME = AccentColor;
				CODE_SIGN_STYLE = Automatic;
				CURRENT_PROJECT_VERSION = 1;
				DEVELOPMENT_ASSET_PATHS = "\"Julia/Preview Content\"";
				DEVELOPMENT_TEAM = KU2HAE7AMY;
				ENABLE_PREVIEWS = YES;
				GENERATE_INFOPLIST_FILE = YES;
				INFOPLIST_FILE = Julia/Info.plist;
				INFOPLIST_KEY_CFBundleDisplayName = Julia;
				INFOPLIST_KEY_LSApplicationCategoryType = "public.app-category.food-and-drink";
				INFOPLIST_KEY_UIApplicationSceneManifest_Generation = YES;
				INFOPLIST_KEY_UIApplicationSupportsIndirectInputEvents = YES;
				INFOPLIST_KEY_UILaunchScreen_Generation = YES;
				INFOPLIST_KEY_UISupportedInterfaceOrientations_iPad = "UIInterfaceOrientationPortrait UIInterfaceOrientationPortraitUpsideDown UIInterfaceOrientationLandscapeLeft UIInterfaceOrientationLandscapeRight";
				INFOPLIST_KEY_UISupportedInterfaceOrientations_iPhone = "UIInterfaceOrientationPortrait UIInterfaceOrientationLandscapeLeft UIInterfaceOrientationLandscapeRight";
				IPHONEOS_DEPLOYMENT_TARGET = 17.2;
				LD_RUNPATH_SEARCH_PATHS = (
					"$(inherited)",
					"@executable_path/Frameworks",
				);
				MARKETING_VERSION = 1.0;
				PRODUCT_BUNDLE_IDENTIFIER = rcw.Julia;
				PRODUCT_NAME = "$(TARGET_NAME)";
				SUPPORTED_PLATFORMS = "iphoneos iphonesimulator";
				SUPPORTS_MACCATALYST = NO;
				SUPPORTS_MAC_DESIGNED_FOR_IPHONE_IPAD = NO;
				SUPPORTS_XR_DESIGNED_FOR_IPHONE_IPAD = NO;
				SWIFT_EMIT_LOC_STRINGS = YES;
				SWIFT_VERSION = 5.0;
				TARGETED_DEVICE_FAMILY = "1,2";
			};
			name = Release;
		};
/* End XCBuildConfiguration section */

/* Begin XCConfigurationList section */
		5228BD482C2362E6001C845E /* Build configuration list for PBXProject "Julia" */ = {
			isa = XCConfigurationList;
			buildConfigurations = (
				5228BD592C2362EB001C845E /* Debug */,
				5228BD5A2C2362EB001C845E /* Release */,
			);
			defaultConfigurationIsVisible = 0;
			defaultConfigurationName = Release;
		};
		5228BD5B2C2362EB001C845E /* Build configuration list for PBXNativeTarget "Julia" */ = {
			isa = XCConfigurationList;
			buildConfigurations = (
				5228BD5C2C2362EB001C845E /* Debug */,
				5228BD5D2C2362EB001C845E /* Release */,
			);
			defaultConfigurationIsVisible = 0;
			defaultConfigurationName = Release;
		};
/* End XCConfigurationList section */
	};
	rootObject = 5228BD452C2362E6001C845E /* Project object */;
}
